{
  "requires": true,
  "lockfileVersion": 1,
  "dependencies": {
    "@angular/animations": {
      "version": "11.0.3",
      "resolved": "https://registry.npmjs.org/@angular/animations/-/animations-11.0.3.tgz",
      "integrity": "sha512-v0oBfa3Mvnihpbo59bfJw6YwkGYTf6nLVYyKWx2w8pBO3G3ycBAqDqHtDkSBIr13Rq+lSbCgOtrjWxDPLAn9Ig==",
      "requires": {
        "tslib": "^2.0.0"
      }
    },
    "@angular/cdk": {
      "version": "2.0.0-beta.12",
      "resolved": "https://registry.npmjs.org/@angular/cdk/-/cdk-2.0.0-beta.12.tgz",
      "integrity": "sha1-OiQ8tiuT9OA5EgunD5ANyeI1Yi4=",
      "requires": {
        "tslib": "^1.7.1"
      },
      "dependencies": {
        "tslib": {
          "version": "1.14.1",
          "resolved": "https://registry.npmjs.org/tslib/-/tslib-1.14.1.tgz",
          "integrity": "sha512-Xni35NKzjgMrwevysHTCArtLDpPvye8zV/0E4EyYn43P7/7qvQwPh9BGkHewbMulVntbigmcT7rdX3BNo9wRJg=="
        }
      }
    },
    "@angular/common": {
      "version": "11.0.3",
      "resolved": "https://registry.npmjs.org/@angular/common/-/common-11.0.3.tgz",
      "integrity": "sha512-g5j6pwN6GOcqIDMV87/ZELm/VlWBvMj2vewIBr0a9KSA/pdAe6rvWR9kfnK9G6GFLv6ST3mq8HWe7NGyF1jpTw==",
      "requires": {
        "tslib": "^2.0.0"
      }
    },
    "@angular/compiler": {
      "version": "11.0.3",
      "resolved": "https://registry.npmjs.org/@angular/compiler/-/compiler-11.0.3.tgz",
      "integrity": "sha512-OjfG4TzCzqNyHO4NmQNM7kdaWlbGrfXyB2i2Kd30PS9Z8s9cuhBBZS23P8NEEYNy1PjhI26cmiozrdMZl0hTUw==",
      "requires": {
        "tslib": "^2.0.0"
      }
    },
    "@angular/core": {
      "version": "11.0.3",
      "resolved": "https://registry.npmjs.org/@angular/core/-/core-11.0.3.tgz",
      "integrity": "sha512-bxo5euE7+Q2ThowkVRwwvKyF5vQEyo9V14JM3GW8k2THbk7LfNctyNkTeuvkTBWfLF17Nd7b5+BdNttNKNlCuQ==",
      "requires": {
        "tslib": "^2.0.0"
      }
    },
    "@angular/forms": {
      "version": "11.0.3",
      "resolved": "https://registry.npmjs.org/@angular/forms/-/forms-11.0.3.tgz",
      "integrity": "sha512-r0ntMYQq/P4mA2Cnryt6Zh2jJHgeKX/IN4ulCxKl59oxC1NskIfbIMk3UNHvCSFpsrzgKl6Btqyf+RYIc3kIxA==",
      "requires": {
        "tslib": "^2.0.0"
      }
    },
    "@angular/http": {
      "version": "7.2.16",
      "resolved": "https://registry.npmjs.org/@angular/http/-/http-7.2.16.tgz",
      "integrity": "sha512-yvjbNyzFSmmz4UTjCdy5M8mk0cZqf9TvSf8yN5UVIwtw4joyuUdlgJCuin0qSbQOKIf/JjHoofpO2JkPCGSNww==",
      "requires": {
        "tslib": "^1.9.0"
      },
      "dependencies": {
        "tslib": {
          "version": "1.14.1",
          "resolved": "https://registry.npmjs.org/tslib/-/tslib-1.14.1.tgz",
          "integrity": "sha512-Xni35NKzjgMrwevysHTCArtLDpPvye8zV/0E4EyYn43P7/7qvQwPh9BGkHewbMulVntbigmcT7rdX3BNo9wRJg=="
        }
      }
    },
    "@angular/material": {
      "version": "2.0.0-beta.12",
      "resolved": "https://registry.npmjs.org/@angular/material/-/material-2.0.0-beta.12.tgz",
      "integrity": "sha1-cbbQt7AhiR5dDjaIwdS9eMdFf1g=",
      "requires": {
        "tslib": "^1.7.1"
      },
      "dependencies": {
        "tslib": {
          "version": "1.14.1",
          "resolved": "https://registry.npmjs.org/tslib/-/tslib-1.14.1.tgz",
          "integrity": "sha512-Xni35NKzjgMrwevysHTCArtLDpPvye8zV/0E4EyYn43P7/7qvQwPh9BGkHewbMulVntbigmcT7rdX3BNo9wRJg=="
        }
      }
    },
    "@angular/platform-browser": {
      "version": "11.0.3",
      "resolved": "https://registry.npmjs.org/@angular/platform-browser/-/platform-browser-11.0.3.tgz",
      "integrity": "sha512-cwpYnVomsIEc9kckwqKCX9pRsd6iOtGMRJs0HOMtOC9v43osBpTSfZvYuARJNwJBO+Gb4AZvbIPuFe0XnZtYYA==",
      "requires": {
        "tslib": "^2.0.0"
      }
    },
    "@angular/platform-browser-dynamic": {
      "version": "11.0.3",
      "resolved": "https://registry.npmjs.org/@angular/platform-browser-dynamic/-/platform-browser-dynamic-11.0.3.tgz",
      "integrity": "sha512-hqmlSxLhiG79Dp5He3zWn6OAHeAvjYurrQnJtLCr4ExVIi04rNWX+BjwUqCGyVMobe0T70JJAz+Bkl6vFiV3zw==",
      "requires": {
        "tslib": "^2.0.0"
      }
    },
    "@angular/router": {
      "version": "11.0.3",
      "resolved": "https://registry.npmjs.org/@angular/router/-/router-11.0.3.tgz",
      "integrity": "sha512-iw9jed7sels2CcLJmr0m4TXfoiu8u40a84D0PsEEm1FGEXe4KJQ/jiLQTfiFQywxBd4cvlUdbl4lPHoUN0bspw==",
      "requires": {
        "tslib": "^2.0.0"
      }
    },
    "@savantly/ngx-inline-edit": {
      "version": "0.3.0",
      "resolved": "https://registry.npmjs.org/@savantly/ngx-inline-edit/-/ngx-inline-edit-0.3.0.tgz",
      "integrity": "sha512-1gyBUUD5bRXmGjjGC0CgxsSYBLzwnsKO2TS9xFwhYckys3zW2i6Id+e9K1G42+5rVyMzzR99ac7MrBlN+IAEBw==",
      "requires": {
        "@angular/animations": ">= 4",
        "@angular/cdk": "~2.0.0-beta.12",
        "@angular/common": ">=4",
        "@angular/compiler": ">=4",
        "@angular/core": ">=4",
        "@angular/forms": ">=4",
        "@angular/http": ">=4",
        "@angular/material": "~2.0.0-beta.12",
        "@angular/platform-browser": ">=4",
        "@angular/platform-browser-dynamic": ">=4",
        "@angular/router": ">=4",
        "core-js": "^2.4.1",
        "rxjs": "^5.4.2",
        "zone.js": "^0.8.14"
      }
    },
    "core-js": {
      "version": "2.6.12",
      "resolved": "https://registry.npmjs.org/core-js/-/core-js-2.6.12.tgz",
      "integrity": "sha512-Kb2wC0fvsWfQrgk8HU5lW6U/Lcs8+9aaYcy4ZFc6DDlo4nZ7n70dEgE5rtR0oG6ufKDUnrwfWL1mXR5ljDatrQ=="
    },
    "ngx-smart-popover": {
      "version": "1.4.0",
      "resolved": "https://registry.npmjs.org/ngx-smart-popover/-/ngx-smart-popover-1.4.0.tgz",
      "integrity": "sha512-ZSMRvKiE/HzATEntVhLzQ+AfQakEDhqP5VcujTI/3DOWKFqPnCSgw7GD/pfQ2xIJ9r4Si9RQPHrYP6cv09efcQ==",
      "requires": {
        "tslib": "^1.9.0"
      },
      "dependencies": {
        "tslib": {
          "version": "1.14.1",
          "resolved": "https://registry.npmjs.org/tslib/-/tslib-1.14.1.tgz",
          "integrity": "sha512-Xni35NKzjgMrwevysHTCArtLDpPvye8zV/0E4EyYn43P7/7qvQwPh9BGkHewbMulVntbigmcT7rdX3BNo9wRJg=="
        }
      }
    },
    "rxjs": {
      "version": "5.5.12",
      "resolved": "https://registry.npmjs.org/rxjs/-/rxjs-5.5.12.tgz",
      "integrity": "sha512-xx2itnL5sBbqeeiVgNPVuQQ1nC8Jp2WfNJhXWHmElW9YmrpS9UVnNzhP3EH3HFqexO5Tlp8GhYY+WEcqcVMvGw==",
      "requires": {
        "symbol-observable": "1.0.1"
      }
    },
    "symbol-observable": {
      "version": "1.0.1",
      "resolved": "https://registry.npmjs.org/symbol-observable/-/symbol-observable-1.0.1.tgz",
      "integrity": "sha1-g0D8RwLDEi310iKI+IKD9RPT/dQ="
    },
    "tslib": {
      "version": "2.0.3",
      "resolved": "https://registry.npmjs.org/tslib/-/tslib-2.0.3.tgz",
      "integrity": "sha512-uZtkfKblCEQtZKBF6EBXVZeQNl82yqtDQdv+eck8u7tdPxjLu2/lp5/uPW+um2tpuxINHWy3GhiccY7QgEaVHQ=="
    },
    "zone.js": {
      "version": "0.8.29",
      "resolved": "https://registry.npmjs.org/zone.js/-/zone.js-0.8.29.tgz",
      "integrity": "sha512-mla2acNCMkWXBD+c+yeUrBUrzOxYMNFdQ6FGfigGGtEVBPJx07BQeJekjt9DmH1FtZek4E9rE1eRR9qQpxACOQ=="
    }
  }
}
